
Microsoft Visual Studio Solution File, Format Version 12.00
# Visual Studio 15
VisualStudioVersion = 15.0.27703.2018
MinimumVisualStudioVersion = 10.0.40219.1
Project("{FAE04EC0-301F-11D3-BF4B-00C04F79EFBC}") = "ManagedWimLib", "ManagedWimLib\ManagedWimLib.csproj", "{73BDCA22-081D-489E-95E7-A02A6778BB7C}"
EndProject
Project("{FAE04EC0-301F-11D3-BF4B-00C04F79EFBC}") = "ManagedWimLib.Tests", "ManagedWimLib.Tests\ManagedWimLib.Tests.csproj", "{5CC90FF4-728C-4C4D-B5A4-A4B27D3DF0C5}"
EndProject
Global
	GlobalSection(SolutionConfigurationPlatforms) = preSolution
		Debug|Any CPU = Debug|Any CPU
		Release|Any CPU = Release|Any CPU
	EndGlobalSection
	GlobalSection(ProjectConfigurationPlatforms) = postSolution
		{73BDCA22-081D-489E-95E7-A02A6778BB7C}.Debug|Any CPU.ActiveCfg = Debug|Any CPU
		{73BDCA22-081D-489E-95E7-A02A6778BB7C}.Debug|Any CPU.Build.0 = Debug|Any CPU
		{73BDCA22-081D-489E-95E7-A02A6778BB7C}.Release|Any CPU.ActiveCfg = Release|Any CPU
		{73BDCA22-081D-489E-95E7-A02A6778BB7C}.Release|Any CPU.Build.0 = Release|Any CPU
		{5CC90FF4-728C-4C4D-B5A4-A4B27D3DF0C5}.Debug|Any CPU.ActiveCfg = Debug|Any CPU
		{5CC90FF4-728C-4C4D-B5A4-A4B27D3DF0C5}.Debug|Any CPU.Build.0 = Debug|Any CPU
		{5CC90FF4-728C-4C4D-B5A4-A4B27D3DF0C5}.Release|Any CPU.ActiveCfg = Release|Any CPU
		{5CC90FF4-728C-4C4D-B5A4-A4B27D3DF0C5}.Release|Any CPU.Build.0 = Release|Any CPU
	EndGlobalSection
	GlobalSection(SolutionProperties) = preSolution
		HideSolutionNode = FALSE
	EndGlobalSection
	GlobalSection(ExtensibilityGlobals) = postSolution
		SolutionGuid = {0C87E3DD-CEA9-4AF4-9BCD-8CF2390E9F4B}
	EndGlobalSection
EndGlobal
